
Microsoft Visual Studio Solution File, Format Version 11.00
# Visual Studio 2010
Project("{8BC9CEB8-8B4A-11D0-8D11-00A0C91BC942}") = "Lab 7", "Lab 7\Lab 7.vcxproj", "{C3965BA2-678F-4359-9A83-B86EBD53F2B1}"
EndProject
Global
	GlobalSection(SolutionConfigurationPlatforms) = preSolution
		Debug|Win32 = Debug|Win32
		Release|Win32 = Release|Win32
	EndGlobalSection
	GlobalSection(ProjectConfigurationPlatforms) = postSolution
		{C3965BA2-678F-4359-9A83-B86EBD53F2B1}.Debug|Win32.ActiveCfg = Debug|Win32
		{C3965BA2-678F-4359-9A83-B86EBD53F2B1}.Debug|Win32.Build.0 = Debug|Win32
		{C3965BA2-678F-4359-9A83-B86EBD53F2B1}.Release|Win32.ActiveCfg = Release|Win32
		{C3965BA2-678F-4359-9A83-B86EBD53F2B1}.Release|Win32.Build.0 = Release|Win32
	EndGlobalSection
	GlobalSection(SolutionProperties) = preSolution
		HideSolutionNode = FALSE
	EndGlobalSection
EndGlobal
